// !$*UTF8*$!
{
	archiveVersion = 1;
	classes = {
	};
	objectVersion = 56;
	objects = {

/* Begin PBXBuildFile section */
		D5304EA328E66EC600437231 /* AppDelegate.swift in Sources */ = {isa = PBXBuildFile; fileRef = D5304EA228E66EC600437231 /* AppDelegate.swift */; };
		D5304EA728E66EC600437231 /* HomeViewController.swift in Sources */ = {isa = PBXBuildFile; fileRef = D5304EA628E66EC600437231 /* HomeViewController.swift */; };
		D5304EAA28E66EC600437231 /* Main.storyboard in Resources */ = {isa = PBXBuildFile; fileRef = D5304EA828E66EC600437231 /* Main.storyboard */; };
		D5304EAC28E66EC700437231 /* Assets.xcassets in Resources */ = {isa = PBXBuildFile; fileRef = D5304EAB28E66EC700437231 /* Assets.xcassets */; };
		D5304EAF28E66EC700437231 /* LaunchScreen.storyboard in Resources */ = {isa = PBXBuildFile; fileRef = D5304EAD28E66EC700437231 /* LaunchScreen.storyboard */; };
		D5304EBA28E66EC700437231 /* accessibility_practiceTests.swift in Sources */ = {isa = PBXBuildFile; fileRef = D5304EB928E66EC700437231 /* accessibility_practiceTests.swift */; };
		D5304EC428E66EC700437231 /* accessibility_practiceUITests.swift in Sources */ = {isa = PBXBuildFile; fileRef = D5304EC328E66EC700437231 /* accessibility_practiceUITests.swift */; };
		D5304EC628E66EC700437231 /* accessibility_practiceUITestsLaunchTests.swift in Sources */ = {isa = PBXBuildFile; fileRef = D5304EC528E66EC700437231 /* accessibility_practiceUITestsLaunchTests.swift */; };
		D566AB98294ABCFE00845AA4 /* ImagesAttributionViewController.swift in Sources */ = {isa = PBXBuildFile; fileRef = D566AB97294ABCFE00845AA4 /* ImagesAttributionViewController.swift */; };
		D57146D528E6736000EF49AE /* ColorContrastViewController.swift in Sources */ = {isa = PBXBuildFile; fileRef = D57146D428E6736000EF49AE /* ColorContrastViewController.swift */; };
		D57146D728E6736A00EF49AE /* FontsViewController.swift in Sources */ = {isa = PBXBuildFile; fileRef = D57146D628E6736A00EF49AE /* FontsViewController.swift */; };
		D57146D928E673A400EF49AE /* ReadabilityViewController.swift in Sources */ = {isa = PBXBuildFile; fileRef = D57146D828E673A400EF49AE /* ReadabilityViewController.swift */; };
		D57146DC28E6756800EF49AE /* Localizable.strings in Resources */ = {isa = PBXBuildFile; fileRef = D57146DE28E6756800EF49AE /* Localizable.strings */; };
		D57146EE28E6914200EF49AE /* BadReadabilityViewController.swift in Sources */ = {isa = PBXBuildFile; fileRef = D57146ED28E6914200EF49AE /* BadReadabilityViewController.swift */; };
		D57146F028E6914D00EF49AE /* GoodReadabilityViewController.swift in Sources */ = {isa = PBXBuildFile; fileRef = D57146EF28E6914D00EF49AE /* GoodReadabilityViewController.swift */; };
		D5D90DCF28E7468C001CC08D /* AccessibilityStrings.swift in Sources */ = {isa = PBXBuildFile; fileRef = D5D90DCE28E7468C001CC08D /* AccessibilityStrings.swift */; };
		D5D90DD128E74698001CC08D /* AccessibilityIdentifiers.swift in Sources */ = {isa = PBXBuildFile; fileRef = D5D90DD028E74698001CC08D /* AccessibilityIdentifiers.swift */; };
		D5D90DD328E7469F001CC08D /* LocalizedStrings.swift in Sources */ = {isa = PBXBuildFile; fileRef = D5D90DD228E7469F001CC08D /* LocalizedStrings.swift */; };
		D5D90DD628E74EB1001CC08D /* LightDarkModeViewController.swift in Sources */ = {isa = PBXBuildFile; fileRef = D5D90DD528E74EB1001CC08D /* LightDarkModeViewController.swift */; };
		D5D90DD828E74EBA001CC08D /* ColorsViewController.swift in Sources */ = {isa = PBXBuildFile; fileRef = D5D90DD728E74EBA001CC08D /* ColorsViewController.swift */; };
		D5D90DDA28E7CEB4001CC08D /* WebViewController.swift in Sources */ = {isa = PBXBuildFile; fileRef = D5D90DD928E7CEB4001CC08D /* WebViewController.swift */; };
/* End PBXBuildFile section */

/* Begin PBXContainerItemProxy section */
		D5304EB628E66EC700437231 /* PBXContainerItemProxy */ = {
			isa = PBXContainerItemProxy;
			containerPortal = D5304E9728E66EC600437231 /* Project object */;
			proxyType = 1;
			remoteGlobalIDString = D5304E9E28E66EC600437231;
			remoteInfo = "accessibility-practice";
		};
		D5304EC028E66EC700437231 /* PBXContainerItemProxy */ = {
			isa = PBXContainerItemProxy;
			containerPortal = D5304E9728E66EC600437231 /* Project object */;
			proxyType = 1;
			remoteGlobalIDString = D5304E9E28E66EC600437231;
			remoteInfo = "accessibility-practice";
		};
/* End PBXContainerItemProxy section */

/* Begin PBXFileReference section */
		D5304E9F28E66EC600437231 /* accessibility-practice.app */ = {isa = PBXFileReference; explicitFileType = wrapper.application; includeInIndex = 0; path = "accessibility-practice.app"; sourceTree = BUILT_PRODUCTS_DIR; };
		D5304EA228E66EC600437231 /* AppDelegate.swift */ = {isa = PBXFileReference; lastKnownFileType = sourcecode.swift; path = AppDelegate.swift; sourceTree = "<group>"; };
		D5304EA628E66EC600437231 /* HomeViewController.swift */ = {isa = PBXFileReference; lastKnownFileType = sourcecode.swift; path = HomeViewController.swift; sourceTree = "<group>"; };
		D5304EA928E66EC600437231 /* Base */ = {isa = PBXFileReference; lastKnownFileType = file.storyboard; name = Base; path = Base.lproj/Main.storyboard; sourceTree = "<group>"; };
		D5304EAB28E66EC700437231 /* Assets.xcassets */ = {isa = PBXFileReference; lastKnownFileType = folder.assetcatalog; path = Assets.xcassets; sourceTree = "<group>"; };
		D5304EAE28E66EC700437231 /* Base */ = {isa = PBXFileReference; lastKnownFileType = file.storyboard; name = Base; path = Base.lproj/LaunchScreen.storyboard; sourceTree = "<group>"; };
		D5304EB028E66EC700437231 /* Info.plist */ = {isa = PBXFileReference; lastKnownFileType = text.plist.xml; path = Info.plist; sourceTree = "<group>"; };
		D5304EB528E66EC700437231 /* accessibility-practiceTests.xctest */ = {isa = PBXFileReference; explicitFileType = wrapper.cfbundle; includeInIndex = 0; path = "accessibility-practiceTests.xctest"; sourceTree = BUILT_PRODUCTS_DIR; };
		D5304EB928E66EC700437231 /* accessibility_practiceTests.swift */ = {isa = PBXFileReference; lastKnownFileType = sourcecode.swift; path = accessibility_practiceTests.swift; sourceTree = "<group>"; };
		D5304EBF28E66EC700437231 /* accessibility-practiceUITests.xctest */ = {isa = PBXFileReference; explicitFileType = wrapper.cfbundle; includeInIndex = 0; path = "accessibility-practiceUITests.xctest"; sourceTree = BUILT_PRODUCTS_DIR; };
		D5304EC328E66EC700437231 /* accessibility_practiceUITests.swift */ = {isa = PBXFileReference; lastKnownFileType = sourcecode.swift; path = accessibility_practiceUITests.swift; sourceTree = "<group>"; };
		D5304EC528E66EC700437231 /* accessibility_practiceUITestsLaunchTests.swift */ = {isa = PBXFileReference; lastKnownFileType = sourcecode.swift; path = accessibility_practiceUITestsLaunchTests.swift; sourceTree = "<group>"; };
		D566AB97294ABCFE00845AA4 /* ImagesAttributionViewController.swift */ = {isa = PBXFileReference; lastKnownFileType = sourcecode.swift; path = ImagesAttributionViewController.swift; sourceTree = "<group>"; };
		D57146D428E6736000EF49AE /* ColorContrastViewController.swift */ = {isa = PBXFileReference; lastKnownFileType = sourcecode.swift; path = ColorContrastViewController.swift; sourceTree = "<group>"; };
		D57146D628E6736A00EF49AE /* FontsViewController.swift */ = {isa = PBXFileReference; lastKnownFileType = sourcecode.swift; path = FontsViewController.swift; sourceTree = "<group>"; };
		D57146D828E673A400EF49AE /* ReadabilityViewController.swift */ = {isa = PBXFileReference; lastKnownFileType = sourcecode.swift; path = ReadabilityViewController.swift; sourceTree = "<group>"; };
		D57146DD28E6756800EF49AE /* en */ = {isa = PBXFileReference; lastKnownFileType = text.plist.strings; name = en; path = en.lproj/Localizable.strings; sourceTree = "<group>"; };
		D57146E328E6767200EF49AE /* pt-BR */ = {isa = PBXFileReference; lastKnownFileType = text.plist.strings; name = "pt-BR"; path = "pt-BR.lproj/LaunchScreen.strings"; sourceTree = "<group>"; };
		D57146E428E6767200EF49AE /* pt-BR */ = {isa = PBXFileReference; lastKnownFileType = text.plist.strings; name = "pt-BR"; path = "pt-BR.lproj/Main.strings"; sourceTree = "<group>"; };
		D57146E528E6767200EF49AE /* pt-BR */ = {isa = PBXFileReference; lastKnownFileType = text.plist.strings; name = "pt-BR"; path = "pt-BR.lproj/Localizable.strings"; sourceTree = "<group>"; };
		D57146EC28E6891800EF49AE /* times new roman.ttf */ = {isa = PBXFileReference; lastKnownFileType = file; path = "times new roman.ttf"; sourceTree = "<group>"; };
		D57146ED28E6914200EF49AE /* BadReadabilityViewController.swift */ = {isa = PBXFileReference; lastKnownFileType = sourcecode.swift; path = BadReadabilityViewController.swift; sourceTree = "<group>"; };
		D57146EF28E6914D00EF49AE /* GoodReadabilityViewController.swift */ = {isa = PBXFileReference; lastKnownFileType = sourcecode.swift; path = GoodReadabilityViewController.swift; sourceTree = "<group>"; };
		D5D90DCE28E7468C001CC08D /* AccessibilityStrings.swift */ = {isa = PBXFileReference; lastKnownFileType = sourcecode.swift; path = AccessibilityStrings.swift; sourceTree = "<group>"; };
		D5D90DD028E74698001CC08D /* AccessibilityIdentifiers.swift */ = {isa = PBXFileReference; lastKnownFileType = sourcecode.swift; path = AccessibilityIdentifiers.swift; sourceTree = "<group>"; };
		D5D90DD228E7469F001CC08D /* LocalizedStrings.swift */ = {isa = PBXFileReference; lastKnownFileType = sourcecode.swift; path = LocalizedStrings.swift; sourceTree = "<group>"; };
		D5D90DD528E74EB1001CC08D /* LightDarkModeViewController.swift */ = {isa = PBXFileReference; lastKnownFileType = sourcecode.swift; path = LightDarkModeViewController.swift; sourceTree = "<group>"; };
		D5D90DD728E74EBA001CC08D /* ColorsViewController.swift */ = {isa = PBXFileReference; lastKnownFileType = sourcecode.swift; path = ColorsViewController.swift; sourceTree = "<group>"; };
		D5D90DD928E7CEB4001CC08D /* WebViewController.swift */ = {isa = PBXFileReference; lastKnownFileType = sourcecode.swift; path = WebViewController.swift; sourceTree = "<group>"; };
/* End PBXFileReference section */

/* Begin PBXFrameworksBuildPhase section */
		D5304E9C28E66EC600437231 /* Frameworks */ = {
			isa = PBXFrameworksBuildPhase;
			buildActionMask = 2147483647;
			files = (
			);
			runOnlyForDeploymentPostprocessing = 0;
		};
		D5304EB228E66EC700437231 /* Frameworks */ = {
			isa = PBXFrameworksBuildPhase;
			buildActionMask = 2147483647;
			files = (
			);
			runOnlyForDeploymentPostprocessing = 0;
		};
		D5304EBC28E66EC700437231 /* Frameworks */ = {
			isa = PBXFrameworksBuildPhase;
			buildActionMask = 2147483647;
			files = (
			);
			runOnlyForDeploymentPostprocessing = 0;
		};
/* End PBXFrameworksBuildPhase section */

/* Begin PBXGroup section */
		D5304E9628E66EC600437231 = {
			isa = PBXGroup;
			children = (
				D5304EA128E66EC600437231 /* accessibility-practice */,
				D5304EB828E66EC700437231 /* accessibility-practiceTests */,
				D5304EC228E66EC700437231 /* accessibility-practiceUITests */,
				D5304EA028E66EC600437231 /* Products */,
			);
			sourceTree = "<group>";
		};
		D5304EA028E66EC600437231 /* Products */ = {
			isa = PBXGroup;
			children = (
				D5304E9F28E66EC600437231 /* accessibility-practice.app */,
				D5304EB528E66EC700437231 /* accessibility-practiceTests.xctest */,
				D5304EBF28E66EC700437231 /* accessibility-practiceUITests.xctest */,
			);
			name = Products;
			sourceTree = "<group>";
		};
		D5304EA128E66EC600437231 /* accessibility-practice */ = {
			isa = PBXGroup;
			children = (
				D5304ED328E6703200437231 /* Resources */,
				D5304ED228E66FF300437231 /* Sources */,
				D5304ED428E6704800437231 /* Scenes */,
				D5304EA828E66EC600437231 /* Main.storyboard */,
				D5304EB028E66EC700437231 /* Info.plist */,
			);
			path = "accessibility-practice";
			sourceTree = "<group>";
		};
		D5304EB828E66EC700437231 /* accessibility-practiceTests */ = {
			isa = PBXGroup;
			children = (
				D5304EB928E66EC700437231 /* accessibility_practiceTests.swift */,
			);
			path = "accessibility-practiceTests";
			sourceTree = "<group>";
		};
		D5304EC228E66EC700437231 /* accessibility-practiceUITests */ = {
			isa = PBXGroup;
			children = (
				D5304EC328E66EC700437231 /* accessibility_practiceUITests.swift */,
				D5304EC528E66EC700437231 /* accessibility_practiceUITestsLaunchTests.swift */,
			);
			path = "accessibility-practiceUITests";
			sourceTree = "<group>";
		};
		D5304ED228E66FF300437231 /* Sources */ = {
			isa = PBXGroup;
			children = (
				D5304EA228E66EC600437231 /* AppDelegate.swift */,
			);
			path = Sources;
			sourceTree = "<group>";
		};
		D5304ED328E6703200437231 /* Resources */ = {
			isa = PBXGroup;
			children = (
				D5D90DCD28E7467A001CC08D /* Strings */,
				D57146E628E684CC00EF49AE /* Fonts */,
				D5304EAB28E66EC700437231 /* Assets.xcassets */,
				D57146DE28E6756800EF49AE /* Localizable.strings */,
			);
			path = Resources;
			sourceTree = "<group>";
		};
		D5304ED428E6704800437231 /* Scenes */ = {
			isa = PBXGroup;
			children = (
				D5304ED528E6705300437231 /* Launch */,
				D5304ED628E6706800437231 /* Home */,
				D57146D028E6731A00EF49AE /* Colors */,
				D57146D128E6732B00EF49AE /* Fonts */,
				D57146D228E6732F00EF49AE /* Readability */,
			);
			path = Scenes;
			sourceTree = "<group>";
		};
		D5304ED528E6705300437231 /* Launch */ = {
			isa = PBXGroup;
			children = (
				D5304EAD28E66EC700437231 /* LaunchScreen.storyboard */,
			);
			path = Launch;
			sourceTree = "<group>";
		};
		D5304ED628E6706800437231 /* Home */ = {
			isa = PBXGroup;
			children = (
				D5304EA628E66EC600437231 /* HomeViewController.swift */,
				D566AB97294ABCFE00845AA4 /* ImagesAttributionViewController.swift */,
			);
			path = Home;
			sourceTree = "<group>";
		};
		D57146D028E6731A00EF49AE /* Colors */ = {
			isa = PBXGroup;
			children = (
				D5D90DD728E74EBA001CC08D /* ColorsViewController.swift */,
				D57146D428E6736000EF49AE /* ColorContrastViewController.swift */,
				D5D90DD528E74EB1001CC08D /* LightDarkModeViewController.swift */,
				D5D90DD928E7CEB4001CC08D /* WebViewController.swift */,
			);
			path = Colors;
			sourceTree = "<group>";
		};
		D57146D128E6732B00EF49AE /* Fonts */ = {
			isa = PBXGroup;
			children = (
				D57146D628E6736A00EF49AE /* FontsViewController.swift */,
			);
			path = Fonts;
			sourceTree = "<group>";
		};
		D57146D228E6732F00EF49AE /* Readability */ = {
			isa = PBXGroup;
			children = (
				D57146D828E673A400EF49AE /* ReadabilityViewController.swift */,
				D57146ED28E6914200EF49AE /* BadReadabilityViewController.swift */,
				D57146EF28E6914D00EF49AE /* GoodReadabilityViewController.swift */,
			);
			path = Readability;
			sourceTree = "<group>";
		};
		D57146E628E684CC00EF49AE /* Fonts */ = {
			isa = PBXGroup;
			children = (
				D57146EC28E6891800EF49AE /* times new roman.ttf */,
			);
			path = Fonts;
			sourceTree = "<group>";
		};
		D5D90DCD28E7467A001CC08D /* Strings */ = {
			isa = PBXGroup;
			children = (
				D5D90DD228E7469F001CC08D /* LocalizedStrings.swift */,
				D5D90DCE28E7468C001CC08D /* AccessibilityStrings.swift */,
				D5D90DD028E74698001CC08D /* AccessibilityIdentifiers.swift */,
			);
			path = Strings;
			sourceTree = "<group>";
		};
/* End PBXGroup section */

/* Begin PBXNativeTarget section */
		D5304E9E28E66EC600437231 /* accessibility-practice */ = {
			isa = PBXNativeTarget;
			buildConfigurationList = D5304EC928E66EC700437231 /* Build configuration list for PBXNativeTarget "accessibility-practice" */;
			buildPhases = (
				D5304E9B28E66EC600437231 /* Sources */,
				D5304E9C28E66EC600437231 /* Frameworks */,
				D5304E9D28E66EC600437231 /* Resources */,
			);
			buildRules = (
			);
			dependencies = (
			);
			name = "accessibility-practice";
			productName = "accessibility-practice";
			productReference = D5304E9F28E66EC600437231 /* accessibility-practice.app */;
			productType = "com.apple.product-type.application";
		};
		D5304EB428E66EC700437231 /* accessibility-practiceTests */ = {
			isa = PBXNativeTarget;
			buildConfigurationList = D5304ECC28E66EC700437231 /* Build configuration list for PBXNativeTarget "accessibility-practiceTests" */;
			buildPhases = (
				D5304EB128E66EC700437231 /* Sources */,
				D5304EB228E66EC700437231 /* Frameworks */,
				D5304EB328E66EC700437231 /* Resources */,
			);
			buildRules = (
			);
			dependencies = (
				D5304EB728E66EC700437231 /* PBXTargetDependency */,
			);
			name = "accessibility-practiceTests";
			productName = "accessibility-practiceTests";
			productReference = D5304EB528E66EC700437231 /* accessibility-practiceTests.xctest */;
			productType = "com.apple.product-type.bundle.unit-test";
		};
		D5304EBE28E66EC700437231 /* accessibility-practiceUITests */ = {
			isa = PBXNativeTarget;
			buildConfigurationList = D5304ECF28E66EC700437231 /* Build configuration list for PBXNativeTarget "accessibility-practiceUITests" */;
			buildPhases = (
				D5304EBB28E66EC700437231 /* Sources */,
				D5304EBC28E66EC700437231 /* Frameworks */,
				D5304EBD28E66EC700437231 /* Resources */,
			);
			buildRules = (
			);
			dependencies = (
				D5304EC128E66EC700437231 /* PBXTargetDependency */,
			);
			name = "accessibility-practiceUITests";
			productName = "accessibility-practiceUITests";
			productReference = D5304EBF28E66EC700437231 /* accessibility-practiceUITests.xctest */;
			productType = "com.apple.product-type.bundle.ui-testing";
		};
/* End PBXNativeTarget section */

/* Begin PBXProject section */
		D5304E9728E66EC600437231 /* Project object */ = {
			isa = PBXProject;
			attributes = {
				BuildIndependentTargetsInParallel = 1;
				LastSwiftUpdateCheck = 1400;
				LastUpgradeCheck = 1400;
				TargetAttributes = {
					D5304E9E28E66EC600437231 = {
						CreatedOnToolsVersion = 14.0;
					};
					D5304EB428E66EC700437231 = {
						CreatedOnToolsVersion = 14.0;
						TestTargetID = D5304E9E28E66EC600437231;
					};
					D5304EBE28E66EC700437231 = {
						CreatedOnToolsVersion = 14.0;
						TestTargetID = D5304E9E28E66EC600437231;
					};
				};
			};
			buildConfigurationList = D5304E9A28E66EC600437231 /* Build configuration list for PBXProject "accessibility-practice" */;
			compatibilityVersion = "Xcode 14.0";
			developmentRegion = en;
			hasScannedForEncodings = 0;
			knownRegions = (
				en,
				Base,
				"pt-BR",
			);
			mainGroup = D5304E9628E66EC600437231;
			productRefGroup = D5304EA028E66EC600437231 /* Products */;
			projectDirPath = "";
			projectRoot = "";
			targets = (
				D5304E9E28E66EC600437231 /* accessibility-practice */,
				D5304EB428E66EC700437231 /* accessibility-practiceTests */,
				D5304EBE28E66EC700437231 /* accessibility-practiceUITests */,
			);
		};
/* End PBXProject section */

/* Begin PBXResourcesBuildPhase section */
		D5304E9D28E66EC600437231 /* Resources */ = {
			isa = PBXResourcesBuildPhase;
			buildActionMask = 2147483647;
			files = (
				D5304EAF28E66EC700437231 /* LaunchScreen.storyboard in Resources */,
				D57146DC28E6756800EF49AE /* Localizable.strings in Resources */,
				D5304EAC28E66EC700437231 /* Assets.xcassets in Resources */,
				D5304EAA28E66EC600437231 /* Main.storyboard in Resources */,
			);
			runOnlyForDeploymentPostprocessing = 0;
		};
		D5304EB328E66EC700437231 /* Resources */ = {
			isa = PBXResourcesBuildPhase;
			buildActionMask = 2147483647;
			files = (
			);
			runOnlyForDeploymentPostprocessing = 0;
		};
		D5304EBD28E66EC700437231 /* Resources */ = {
			isa = PBXResourcesBuildPhase;
			buildActionMask = 2147483647;
			files = (
			);
			runOnlyForDeploymentPostprocessing = 0;
		};
/* End PBXResourcesBuildPhase section */

/* Begin PBXSourcesBuildPhase section */
		D5304E9B28E66EC600437231 /* Sources */ = {
			isa = PBXSourcesBuildPhase;
			buildActionMask = 2147483647;
			files = (
				D5D90DD128E74698001CC08D /* AccessibilityIdentifiers.swift in Sources */,
				D5304EA728E66EC600437231 /* HomeViewController.swift in Sources */,
				D5D90DD628E74EB1001CC08D /* LightDarkModeViewController.swift in Sources */,
				D57146D928E673A400EF49AE /* ReadabilityViewController.swift in Sources */,
				D566AB98294ABCFE00845AA4 /* ImagesAttributionViewController.swift in Sources */,
				D57146D728E6736A00EF49AE /* FontsViewController.swift in Sources */,
				D5D90DD328E7469F001CC08D /* LocalizedStrings.swift in Sources */,
				D57146D528E6736000EF49AE /* ColorContrastViewController.swift in Sources */,
				D5304EA328E66EC600437231 /* AppDelegate.swift in Sources */,
				D57146EE28E6914200EF49AE /* BadReadabilityViewController.swift in Sources */,
				D57146F028E6914D00EF49AE /* GoodReadabilityViewController.swift in Sources */,
				D5D90DD828E74EBA001CC08D /* ColorsViewController.swift in Sources */,
				D5D90DDA28E7CEB4001CC08D /* WebViewController.swift in Sources */,
				D5D90DCF28E7468C001CC08D /* AccessibilityStrings.swift in Sources */,
			);
			runOnlyForDeploymentPostprocessing = 0;
		};
		D5304EB128E66EC700437231 /* Sources */ = {
			isa = PBXSourcesBuildPhase;
			buildActionMask = 2147483647;
			files = (
				D5304EBA28E66EC700437231 /* accessibility_practiceTests.swift in Sources */,
			);
			runOnlyForDeploymentPostprocessing = 0;
		};
		D5304EBB28E66EC700437231 /* Sources */ = {
			isa = PBXSourcesBuildPhase;
			buildActionMask = 2147483647;
			files = (
				D5304EC628E66EC700437231 /* accessibility_practiceUITestsLaunchTests.swift in Sources */,
				D5304EC428E66EC700437231 /* accessibility_practiceUITests.swift in Sources */,
			);
			runOnlyForDeploymentPostprocessing = 0;
		};
/* End PBXSourcesBuildPhase section */

/* Begin PBXTargetDependency section */
		D5304EB728E66EC700437231 /* PBXTargetDependency */ = {
			isa = PBXTargetDependency;
			target = D5304E9E28E66EC600437231 /* accessibility-practice */;
			targetProxy = D5304EB628E66EC700437231 /* PBXContainerItemProxy */;
		};
		D5304EC128E66EC700437231 /* PBXTargetDependency */ = {
			isa = PBXTargetDependency;
			target = D5304E9E28E66EC600437231 /* accessibility-practice */;
			targetProxy = D5304EC028E66EC700437231 /* PBXContainerItemProxy */;
		};
/* End PBXTargetDependency section */

/* Begin PBXVariantGroup section */
		D5304EA828E66EC600437231 /* Main.storyboard */ = {
			isa = PBXVariantGroup;
			children = (
				D5304EA928E66EC600437231 /* Base */,
				D57146E428E6767200EF49AE /* pt-BR */,
			);
			name = Main.storyboard;
			sourceTree = "<group>";
		};
		D5304EAD28E66EC700437231 /* LaunchScreen.storyboard */ = {
			isa = PBXVariantGroup;
			children = (
				D5304EAE28E66EC700437231 /* Base */,
				D57146E328E6767200EF49AE /* pt-BR */,
			);
			name = LaunchScreen.storyboard;
			sourceTree = "<group>";
		};
		D57146DE28E6756800EF49AE /* Localizable.strings */ = {
			isa = PBXVariantGroup;
			children = (
				D57146DD28E6756800EF49AE /* en */,
				D57146E528E6767200EF49AE /* pt-BR */,
			);
			name = Localizable.strings;
			sourceTree = "<group>";
		};
/* End PBXVariantGroup section */

/* Begin XCBuildConfiguration section */
		D5304EC728E66EC700437231 /* Debug */ = {
			isa = XCBuildConfiguration;
			buildSettings = {
				ALWAYS_SEARCH_USER_PATHS = NO;
				CLANG_ANALYZER_LOCALIZABILITY_NONLOCALIZED = YES;
				CLANG_ANALYZER_NONNULL = YES;
				CLANG_ANALYZER_NUMBER_OBJECT_CONVERSION = YES_AGGRESSIVE;
				CLANG_CXX_LANGUAGE_STANDARD = "gnu++20";
				CLANG_ENABLE_MODULES = YES;
				CLANG_ENABLE_OBJC_ARC = YES;
				CLANG_ENABLE_OBJC_WEAK = YES;
				CLANG_WARN_BLOCK_CAPTURE_AUTORELEASING = YES;
				CLANG_WARN_BOOL_CONVERSION = YES;
				CLANG_WARN_COMMA = YES;
				CLANG_WARN_CONSTANT_CONVERSION = YES;
				CLANG_WARN_DEPRECATED_OBJC_IMPLEMENTATIONS = YES;
				CLANG_WARN_DIRECT_OBJC_ISA_USAGE = YES_ERROR;
				CLANG_WARN_DOCUMENTATION_COMMENTS = YES;
				CLANG_WARN_EMPTY_BODY = YES;
				CLANG_WARN_ENUM_CONVERSION = YES;
				CLANG_WARN_INFINITE_RECURSION = YES;
				CLANG_WARN_INT_CONVERSION = YES;
				CLANG_WARN_NON_LITERAL_NULL_CONVERSION = YES;
				CLANG_WARN_OBJC_IMPLICIT_RETAIN_SELF = YES;
				CLANG_WARN_OBJC_LITERAL_CONVERSION = YES;
				CLANG_WARN_OBJC_ROOT_CLASS = YES_ERROR;
				CLANG_WARN_QUOTED_INCLUDE_IN_FRAMEWORK_HEADER = YES;
				CLANG_WARN_RANGE_LOOP_ANALYSIS = YES;
				CLANG_WARN_STRICT_PROTOTYPES = YES;
				CLANG_WARN_SUSPICIOUS_MOVE = YES;
				CLANG_WARN_UNGUARDED_AVAILABILITY = YES_AGGRESSIVE;
				CLANG_WARN_UNREACHABLE_CODE = YES;
				CLANG_WARN__DUPLICATE_METHOD_MATCH = YES;
				COPY_PHASE_STRIP = NO;
				DEBUG_INFORMATION_FORMAT = dwarf;
				ENABLE_STRICT_OBJC_MSGSEND = YES;
				ENABLE_TESTABILITY = YES;
				GCC_C_LANGUAGE_STANDARD = gnu11;
				GCC_DYNAMIC_NO_PIC = NO;
				GCC_NO_COMMON_BLOCKS = YES;
				GCC_OPTIMIZATION_LEVEL = 0;
				GCC_PREPROCESSOR_DEFINITIONS = (
					"DEBUG=1",
					"$(inherited)",
				);
				GCC_WARN_64_TO_32_BIT_CONVERSION = YES;
				GCC_WARN_ABOUT_RETURN_TYPE = YES_ERROR;
				GCC_WARN_UNDECLARED_SELECTOR = YES;
				GCC_WARN_UNINITIALIZED_AUTOS = YES_AGGRESSIVE;
				GCC_WARN_UNUSED_FUNCTION = YES;
				GCC_WARN_UNUSED_VARIABLE = YES;
				IPHONEOS_DEPLOYMENT_TARGET = 16.0;
				MTL_ENABLE_DEBUG_INFO = INCLUDE_SOURCE;
				MTL_FAST_MATH = YES;
				ONLY_ACTIVE_ARCH = YES;
				SDKROOT = iphoneos;
				SWIFT_ACTIVE_COMPILATION_CONDITIONS = DEBUG;
				SWIFT_OPTIMIZATION_LEVEL = "-Onone";
			};
			name = Debug;
		};
		D5304EC828E66EC700437231 /* Release */ = {
			isa = XCBuildConfiguration;
			buildSettings = {
				ALWAYS_SEARCH_USER_PATHS = NO;
				CLANG_ANALYZER_LOCALIZABILITY_NONLOCALIZED = YES;
				CLANG_ANALYZER_NONNULL = YES;
				CLANG_ANALYZER_NUMBER_OBJECT_CONVERSION = YES_AGGRESSIVE;
				CLANG_CXX_LANGUAGE_STANDARD = "gnu++20";
				CLANG_ENABLE_MODULES = YES;
				CLANG_ENABLE_OBJC_ARC = YES;
				CLANG_ENABLE_OBJC_WEAK = YES;
				CLANG_WARN_BLOCK_CAPTURE_AUTORELEASING = YES;
				CLANG_WARN_BOOL_CONVERSION = YES;
				CLANG_WARN_COMMA = YES;
				CLANG_WARN_CONSTANT_CONVERSION = YES;
				CLANG_WARN_DEPRECATED_OBJC_IMPLEMENTATIONS = YES;
				CLANG_WARN_DIRECT_OBJC_ISA_USAGE = YES_ERROR;
				CLANG_WARN_DOCUMENTATION_COMMENTS = YES;
				CLANG_WARN_EMPTY_BODY = YES;
				CLANG_WARN_ENUM_CONVERSION = YES;
				CLANG_WARN_INFINITE_RECURSION = YES;
				CLANG_WARN_INT_CONVERSION = YES;
				CLANG_WARN_NON_LITERAL_NULL_CONVERSION = YES;
				CLANG_WARN_OBJC_IMPLICIT_RETAIN_SELF = YES;
				CLANG_WARN_OBJC_LITERAL_CONVERSION = YES;
				CLANG_WARN_OBJC_ROOT_CLASS = YES_ERROR;
				CLANG_WARN_QUOTED_INCLUDE_IN_FRAMEWORK_HEADER = YES;
				CLANG_WARN_RANGE_LOOP_ANALYSIS = YES;
				CLANG_WARN_STRICT_PROTOTYPES = YES;
				CLANG_WARN_SUSPICIOUS_MOVE = YES;
				CLANG_WARN_UNGUARDED_AVAILABILITY = YES_AGGRESSIVE;
				CLANG_WARN_UNREACHABLE_CODE = YES;
				CLANG_WARN__DUPLICATE_METHOD_MATCH = YES;
				COPY_PHASE_STRIP = NO;
				DEBUG_INFORMATION_FORMAT = "dwarf-with-dsym";
				ENABLE_NS_ASSERTIONS = NO;
				ENABLE_STRICT_OBJC_MSGSEND = YES;
				GCC_C_LANGUAGE_STANDARD = gnu11;
				GCC_NO_COMMON_BLOCKS = YES;
				GCC_WARN_64_TO_32_BIT_CONVERSION = YES;
				GCC_WARN_ABOUT_RETURN_TYPE = YES_ERROR;
				GCC_WARN_UNDECLARED_SELECTOR = YES;
				GCC_WARN_UNINITIALIZED_AUTOS = YES_AGGRESSIVE;
				GCC_WARN_UNUSED_FUNCTION = YES;
				GCC_WARN_UNUSED_VARIABLE = YES;
				IPHONEOS_DEPLOYMENT_TARGET = 16.0;
				MTL_ENABLE_DEBUG_INFO = NO;
				MTL_FAST_MATH = YES;
				SDKROOT = iphoneos;
				SWIFT_COMPILATION_MODE = wholemodule;
				SWIFT_OPTIMIZATION_LEVEL = "-O";
				VALIDATE_PRODUCT = YES;
			};
			name = Release;
		};
		D5304ECA28E66EC700437231 /* Debug */ = {
			isa = XCBuildConfiguration;
			buildSettings = {
				ASSETCATALOG_COMPILER_APPICON_NAME = AppIcon;
				ASSETCATALOG_COMPILER_GLOBAL_ACCENT_COLOR_NAME = AccentColor;
				CODE_SIGN_STYLE = Automatic;
				CURRENT_PROJECT_VERSION = 1;
				DEVELOPMENT_TEAM = 9Y77YPRNV3;
				GENERATE_INFOPLIST_FILE = YES;
				INFOPLIST_FILE = "accessibility-practice/Info.plist";
				INFOPLIST_KEY_UIApplicationSupportsIndirectInputEvents = YES;
				INFOPLIST_KEY_UILaunchStoryboardName = LaunchScreen;
				INFOPLIST_KEY_UIMainStoryboardFile = Main;
				INFOPLIST_KEY_UISupportedInterfaceOrientations_iPad = "UIInterfaceOrientationPortrait UIInterfaceOrientationPortraitUpsideDown UIInterfaceOrientationLandscapeLeft UIInterfaceOrientationLandscapeRight";
				INFOPLIST_KEY_UISupportedInterfaceOrientations_iPhone = "UIInterfaceOrientationPortrait UIInterfaceOrientationLandscapeLeft UIInterfaceOrientationLandscapeRight";
				LD_RUNPATH_SEARCH_PATHS = (
					"$(inherited)",
					"@executable_path/Frameworks",
				);
				MARKETING_VERSION = 1.0;
				PRODUCT_BUNDLE_IDENTIFIER = "com.deboralage.accessibility-practice";
				PRODUCT_NAME = "$(TARGET_NAME)";
				SWIFT_EMIT_LOC_STRINGS = YES;
				SWIFT_VERSION = 5.0;
				TARGETED_DEVICE_FAMILY = "1,2";
			};
			name = Debug;
		};
		D5304ECB28E66EC700437231 /* Release */ = {
			isa = XCBuildConfiguration;
			buildSettings = {
				ASSETCATALOG_COMPILER_APPICON_NAME = AppIcon;
				ASSETCATALOG_COMPILER_GLOBAL_ACCENT_COLOR_NAME = AccentColor;
				CODE_SIGN_STYLE = Automatic;
				CURRENT_PROJECT_VERSION = 1;
				DEVELOPMENT_TEAM = 9Y77YPRNV3;
				GENERATE_INFOPLIST_FILE = YES;
				INFOPLIST_FILE = "accessibility-practice/Info.plist";
				INFOPLIST_KEY_UIApplicationSupportsIndirectInputEvents = YES;
				INFOPLIST_KEY_UILaunchStoryboardName = LaunchScreen;
				INFOPLIST_KEY_UIMainStoryboardFile = Main;
				INFOPLIST_KEY_UISupportedInterfaceOrientations_iPad = "UIInterfaceOrientationPortrait UIInterfaceOrientationPortraitUpsideDown UIInterfaceOrientationLandscapeLeft UIInterfaceOrientationLandscapeRight";
				INFOPLIST_KEY_UISupportedInterfaceOrientations_iPhone = "UIInterfaceOrientationPortrait UIInterfaceOrientationLandscapeLeft UIInterfaceOrientationLandscapeRight";
				LD_RUNPATH_SEARCH_PATHS = (
					"$(inherited)",
					"@executable_path/Frameworks",
				);
				MARKETING_VERSION = 1.0;
				PRODUCT_BUNDLE_IDENTIFIER = "com.deboralage.accessibility-practice";
				PRODUCT_NAME = "$(TARGET_NAME)";
				SWIFT_EMIT_LOC_STRINGS = YES;
				SWIFT_VERSION = 5.0;
				TARGETED_DEVICE_FAMILY = "1,2";
			};
			name = Release;
		};
		D5304ECD28E66EC700437231 /* Debug */ = {
			isa = XCBuildConfiguration;
			buildSettings = {
				ALWAYS_EMBED_SWIFT_STANDARD_LIBRARIES = YES;
				BUNDLE_LOADER = "$(TEST_HOST)";
				CODE_SIGN_STYLE = Automatic;
				CURRENT_PROJECT_VERSION = 1;
				DEVELOPMENT_TEAM = 9Y77YPRNV3;
				GENERATE_INFOPLIST_FILE = YES;
				IPHONEOS_DEPLOYMENT_TARGET = 16.0;
				MARKETING_VERSION = 1.0;
				PRODUCT_BUNDLE_IDENTIFIER = "com.deboralage.accessibility-practiceTests";
				PRODUCT_NAME = "$(TARGET_NAME)";
				SWIFT_EMIT_LOC_STRINGS = NO;
				SWIFT_VERSION = 5.0;
				TARGETED_DEVICE_FAMILY = "1,2";
				TEST_HOST = "$(BUILT_PRODUCTS_DIR)/accessibility-practice.app/$(BUNDLE_EXECUTABLE_FOLDER_PATH)/accessibility-practice";
			};
			name = Debug;
		};
		D5304ECE28E66EC700437231 /* Release */ = {
			isa = XCBuildConfiguration;
			buildSettings = {
				ALWAYS_EMBED_SWIFT_STANDARD_LIBRARIES = YES;
				BUNDLE_LOADER = "$(TEST_HOST)";
				CODE_SIGN_STYLE = Automatic;
				CURRENT_PROJECT_VERSION = 1;
				DEVELOPMENT_TEAM = 9Y77YPRNV3;
				GENERATE_INFOPLIST_FILE = YES;
				IPHONEOS_DEPLOYMENT_TARGET = 16.0;
				MARKETING_VERSION = 1.0;
				PRODUCT_BUNDLE_IDENTIFIER = "com.deboralage.accessibility-practiceTests";
				PRODUCT_NAME = "$(TARGET_NAME)";
				SWIFT_EMIT_LOC_STRINGS = NO;
				SWIFT_VERSION = 5.0;
				TARGETED_DEVICE_FAMILY = "1,2";
				TEST_HOST = "$(BUILT_PRODUCTS_DIR)/accessibility-practice.app/$(BUNDLE_EXECUTABLE_FOLDER_PATH)/accessibility-practice";
			};
			name = Release;
		};
		D5304ED028E66EC700437231 /* Debug */ = {
			isa = XCBuildConfiguration;
			buildSettings = {
				ALWAYS_EMBED_SWIFT_STANDARD_LIBRARIES = YES;
				CODE_SIGN_STYLE = Automatic;
				CURRENT_PROJECT_VERSION = 1;
				DEVELOPMENT_TEAM = 9Y77YPRNV3;
				GENERATE_INFOPLIST_FILE = YES;
				MARKETING_VERSION = 1.0;
				PRODUCT_BUNDLE_IDENTIFIER = "com.deboralage.accessibility-practiceUITests";
				PRODUCT_NAME = "$(TARGET_NAME)";
				SWIFT_EMIT_LOC_STRINGS = NO;
				SWIFT_VERSION = 5.0;
				TARGETED_DEVICE_FAMILY = "1,2";
				TEST_TARGET_NAME = "accessibility-practice";
			};
			name = Debug;
		};
		D5304ED128E66EC700437231 /* Release */ = {
			isa = XCBuildConfiguration;
			buildSettings = {
				ALWAYS_EMBED_SWIFT_STANDARD_LIBRARIES = YES;
				CODE_SIGN_STYLE = Automatic;
				CURRENT_PROJECT_VERSION = 1;
				DEVELOPMENT_TEAM = 9Y77YPRNV3;
				GENERATE_INFOPLIST_FILE = YES;
				MARKETING_VERSION = 1.0;
				PRODUCT_BUNDLE_IDENTIFIER = "com.deboralage.accessibility-practiceUITests";
				PRODUCT_NAME = "$(TARGET_NAME)";
				SWIFT_EMIT_LOC_STRINGS = NO;
				SWIFT_VERSION = 5.0;
				TARGETED_DEVICE_FAMILY = "1,2";
				TEST_TARGET_NAME = "accessibility-practice";
			};
			name = Release;
		};
/* End XCBuildConfiguration section */

/* Begin XCConfigurationList section */
		D5304E9A28E66EC600437231 /* Build configuration list for PBXProject "accessibility-practice" */ = {
			isa = XCConfigurationList;
			buildConfigurations = (
				D5304EC728E66EC700437231 /* Debug */,
				D5304EC828E66EC700437231 /* Release */,
			);
			defaultConfigurationIsVisible = 0;
			defaultConfigurationName = Release;
		};
		D5304EC928E66EC700437231 /* Build configuration list for PBXNativeTarget "accessibility-practice" */ = {
			isa = XCConfigurationList;
			buildConfigurations = (
				D5304ECA28E66EC700437231 /* Debug */,
				D5304ECB28E66EC700437231 /* Release */,
			);
			defaultConfigurationIsVisible = 0;
			defaultConfigurationName = Release;
		};
		D5304ECC28E66EC700437231 /* Build configuration list for PBXNativeTarget "accessibility-practiceTests" */ = {
			isa = XCConfigurationList;
			buildConfigurations = (
				D5304ECD28E66EC700437231 /* Debug */,
				D5304ECE28E66EC700437231 /* Release */,
			);
			defaultConfigurationIsVisible = 0;
			defaultConfigurationName = Release;
		};
		D5304ECF28E66EC700437231 /* Build configuration list for PBXNativeTarget "accessibility-practiceUITests" */ = {
			isa = XCConfigurationList;
			buildConfigurations = (
				D5304ED028E66EC700437231 /* Debug */,
				D5304ED128E66EC700437231 /* Release */,
			);
			defaultConfigurationIsVisible = 0;
			defaultConfigurationName = Release;
		};
/* End XCConfigurationList section */
	};
	rootObject = D5304E9728E66EC600437231 /* Project object */;
}
